
Microsoft Visual Studio Solution File, Format Version 12.00
# Visual Studio Version 17
VisualStudioVersion = 17.12.35527.113 d17.12
MinimumVisualStudioVersion = 10.0.40219.1
Project("{FAE04EC0-301F-11D3-BF4B-00C04F79EFBC}") = "Auto_Si9000", "Auto_Si9000\Auto_Si9000.csproj", "{EBC4B33C-5BA2-49A4-ABC6-6E2B28AA8E4E}"
EndProject
Project("{FAE04EC0-301F-11D3-BF4B-00C04F79EFBC}") = "Auto_Si900_Calc", "Auto_Si900_Calc\Auto_Si900_Calc.csproj", "{58BE33BD-E4D3-493F-BCD8-519245A76524}"
EndProject
Global
	GlobalSection(SolutionConfigurationPlatforms) = preSolution
		Debug|Any CPU = Debug|Any CPU
		Debug|x86 = Debug|x86
		Release|Any CPU = Release|Any CPU
		Release|x86 = Release|x86
	EndGlobalSection
	GlobalSection(ProjectConfigurationPlatforms) = postSolution
		{EBC4B33C-5BA2-49A4-ABC6-6E2B28AA8E4E}.Debug|Any CPU.ActiveCfg = Debug|Any CPU
		{EBC4B33C-5BA2-49A4-ABC6-6E2B28AA8E4E}.Debug|Any CPU.Build.0 = Debug|Any CPU
		{EBC4B33C-5BA2-49A4-ABC6-6E2B28AA8E4E}.Debug|x86.ActiveCfg = Debug|x86
		{EBC4B33C-5BA2-49A4-ABC6-6E2B28AA8E4E}.Debug|x86.Build.0 = Debug|x86
		{EBC4B33C-5BA2-49A4-ABC6-6E2B28AA8E4E}.Release|Any CPU.ActiveCfg = Release|Any CPU
		{EBC4B33C-5BA2-49A4-ABC6-6E2B28AA8E4E}.Release|Any CPU.Build.0 = Release|Any CPU
		{EBC4B33C-5BA2-49A4-ABC6-6E2B28AA8E4E}.Release|x86.ActiveCfg = Release|x86
		{EBC4B33C-5BA2-49A4-ABC6-6E2B28AA8E4E}.Release|x86.Build.0 = Release|x86
		{58BE33BD-E4D3-493F-BCD8-519245A76524}.Debug|Any CPU.ActiveCfg = Debug|Any CPU
		{58BE33BD-E4D3-493F-BCD8-519245A76524}.Debug|Any CPU.Build.0 = Debug|Any CPU
		{58BE33BD-E4D3-493F-BCD8-519245A76524}.Debug|x86.ActiveCfg = Debug|x86
		{58BE33BD-E4D3-493F-BCD8-519245A76524}.Debug|x86.Build.0 = Debug|x86
		{58BE33BD-E4D3-493F-BCD8-519245A76524}.Release|Any CPU.ActiveCfg = Release|Any CPU
		{58BE33BD-E4D3-493F-BCD8-519245A76524}.Release|Any CPU.Build.0 = Release|Any CPU
		{58BE33BD-E4D3-493F-BCD8-519245A76524}.Release|x86.ActiveCfg = Release|x86
		{58BE33BD-E4D3-493F-BCD8-519245A76524}.Release|x86.Build.0 = Release|x86
	EndGlobalSection
	GlobalSection(SolutionProperties) = preSolution
		HideSolutionNode = FALSE
	EndGlobalSection
EndGlobal
